
Microsoft Visual Studio Solution File, Format Version 12.00
# Visual Studio Version 17
VisualStudioVersion = 17.3.32922.545
MinimumVisualStudioVersion = 10.0.40219.1
Project("{FAE04EC0-301F-11D3-BF4B-00C04F79EFBC}") = "Todo", "Todo\Todo.csproj", "{FE4BB507-A566-458D-9FF6-E1A630E26D15}"
EndProject
Global
	GlobalSection(SolutionConfigurationPlatforms) = preSolution
		Debug|Any CPU = Debug|Any CPU
		Release|Any CPU = Release|Any CPU
	EndGlobalSection
	GlobalSection(ProjectConfigurationPlatforms) = postSolution
		{FE4BB507-A566-458D-9FF6-E1A630E26D15}.Debug|Any CPU.ActiveCfg = Debug|Any CPU
		{FE4BB507-A566-458D-9FF6-E1A630E26D15}.Debug|Any CPU.Build.0 = Debug|Any CPU
		{FE4BB507-A566-458D-9FF6-E1A630E26D15}.Release|Any CPU.ActiveCfg = Release|Any CPU
		{FE4BB507-A566-458D-9FF6-E1A630E26D15}.Release|Any CPU.Build.0 = Release|Any CPU
	EndGlobalSection
	GlobalSection(SolutionProperties) = preSolution
		HideSolutionNode = FALSE
	EndGlobalSection
	GlobalSection(ExtensibilityGlobals) = postSolution
		SolutionGuid = {E213AC17-5C23-4F04-8D25-C0D6F21E0B2B}
	EndGlobalSection
EndGlobal
